{
  "name": "@signalk/sdk-smoke-test-client",
  "version": "0.0.0",
  "lockfileVersion": 3,
  "requires": true,
  "packages": {
    "": {
      "name": "@signalk/sdk-smoke-test-client",
      "version": "0.0.0",
      "dependencies": {
        "@signalk/sdk": "../"
      }
    },
    "..": {
      "name": "@signalk/sdk",
      "version": "0.1.0",
      "license": "Apache-2.0",
      "dependencies": {
        "@signalk/server-api": "^2.24.0",
        "typebox": "^1.1.23"
      }
    },
    "node_modules/@signalk/sdk": {
      "resolved": "..",
      "link": true
    }
  }
}
