{
  "name": "@signalk/sdk-smoke-test-client",
  "version": "0.0.0",
  "lockfileVersion": 3,
  "requires": true,
  "packages": {
    "": {
      "name": "@signalk/sdk-smoke-test-client",
      "version": "0.0.0",
      "dependencies": {
        "typebox": "^1.1.23"
      }
    },
    "node_modules/typebox": {
      "version": "1.1.23",
      "resolved": "https://registry.npmjs.org/typebox/-/typebox-1.1.23.tgz",
      "integrity": "sha512-LOGT/+DLfGsFzAVoYAYzLWT3iV5LfAHebW1pg336lwZg5fkaL3uBKqNXsA7aGb9rkOsVu9QohSkImHwwfHDC0A==",
      "license": "MIT"
    }
  }
}
